// !$*UTF8*$!
{
	archiveVersion = 1;
	classes = {
	};
	objectVersion = 46;
	objects = {

/* Begin PBXBuildFile section */
		16202339BFE0ABA2833C9303 /* Pods_flitter.framework in Frameworks */ = {isa = PBXBuildFile; fileRef = 0A0F7FDFE88B0C6F0C1EFD81 /* Pods_flitter.framework */; };
		7439C58F1E04F8260029E81E /* AppDelegate.swift in Sources */ = {isa = PBXBuildFile; fileRef = 7439C58E1E04F8260029E81E /* AppDelegate.swift */; };
		7439C5911E04F8260029E81E /* TweetsListViewController.swift in Sources */ = {isa = PBXBuildFile; fileRef = 7439C5901E04F8260029E81E /* TweetsListViewController.swift */; };
		7439C5941E04F8260029E81E /* Main.storyboard in Resources */ = {isa = PBXBuildFile; fileRef = 7439C5921E04F8260029E81E /* Main.storyboard */; };
		7439C5961E04F8260029E81E /* Assets.xcassets in Resources */ = {isa = PBXBuildFile; fileRef = 7439C5951E04F8260029E81E /* Assets.xcassets */; };
		7439C5991E04F8260029E81E /* LaunchScreen.storyboard in Resources */ = {isa = PBXBuildFile; fileRef = 7439C5971E04F8260029E81E /* LaunchScreen.storyboard */; };
		7439C5B01E0580440029E81E /* ComposeViewController.swift in Sources */ = {isa = PBXBuildFile; fileRef = 7439C5AF1E0580440029E81E /* ComposeViewController.swift */; };
		749947FD1E05EC3000E71DA8 /* SignInViewController.swift in Sources */ = {isa = PBXBuildFile; fileRef = 749947FC1E05EC2F00E71DA8 /* SignInViewController.swift */; };
		749948021E06448000E71DA8 /* passwds.plist in Resources */ = {isa = PBXBuildFile; fileRef = 749948011E06448000E71DA8 /* passwds.plist */; };
		749948041E06D15200E71DA8 /* ComposeWireframe.swift in Sources */ = {isa = PBXBuildFile; fileRef = 749948031E06D15200E71DA8 /* ComposeWireframe.swift */; };
		749948061E06D7DF00E71DA8 /* ComposeConfigurator.swift in Sources */ = {isa = PBXBuildFile; fileRef = 749948051E06D7DF00E71DA8 /* ComposeConfigurator.swift */; };
		749948081E06DB7000E71DA8 /* ComposeConfiguratorImpl.swift in Sources */ = {isa = PBXBuildFile; fileRef = 749948071E06DB7000E71DA8 /* ComposeConfiguratorImpl.swift */; };
		7499480A1E06DD0500E71DA8 /* Container-flitter.swift in Sources */ = {isa = PBXBuildFile; fileRef = 749948091E06DD0500E71DA8 /* Container-flitter.swift */; };
		7499480C1E06E41400E71DA8 /* TweetsListConfigurator.swift in Sources */ = {isa = PBXBuildFile; fileRef = 7499480B1E06E41400E71DA8 /* TweetsListConfigurator.swift */; };
		7499480E1E06E44800E71DA8 /* TweetsListConfiguratorImpl.swift in Sources */ = {isa = PBXBuildFile; fileRef = 7499480D1E06E44800E71DA8 /* TweetsListConfiguratorImpl.swift */; };
		749948101E06E48700E71DA8 /* SignInConfigurator.swift in Sources */ = {isa = PBXBuildFile; fileRef = 7499480F1E06E48700E71DA8 /* SignInConfigurator.swift */; };
		749948121E06E4C500E71DA8 /* SignInConfiguratorImpl.swift in Sources */ = {isa = PBXBuildFile; fileRef = 749948111E06E4C500E71DA8 /* SignInConfiguratorImpl.swift */; };
		749948141E06E96700E71DA8 /* TweetsListWireframe.swift in Sources */ = {isa = PBXBuildFile; fileRef = 749948131E06E96700E71DA8 /* TweetsListWireframe.swift */; };
		749948171E06E9D500E71DA8 /* SignIn.storyboard in Resources */ = {isa = PBXBuildFile; fileRef = 749948151E06E9D500E71DA8 /* SignIn.storyboard */; };
		7499481B1E06F39C00E71DA8 /* User.swift in Sources */ = {isa = PBXBuildFile; fileRef = 7499481A1E06F39C00E71DA8 /* User.swift */; };
		7499481D1E06F62900E71DA8 /* UserGateway.swift in Sources */ = {isa = PBXBuildFile; fileRef = 7499481C1E06F62900E71DA8 /* UserGateway.swift */; };
		7499481F1E06F67300E71DA8 /* UserGatewayTests.swift in Sources */ = {isa = PBXBuildFile; fileRef = 7499481E1E06F67300E71DA8 /* UserGatewayTests.swift */; };
		749948211E06F75100E71DA8 /* RealmUserGateway.swift in Sources */ = {isa = PBXBuildFile; fileRef = 749948201E06F75100E71DA8 /* RealmUserGateway.swift */; };
		749948251E075B0C00E71DA8 /* FetchTweetsInteractor.swift in Sources */ = {isa = PBXBuildFile; fileRef = 749948241E075B0C00E71DA8 /* FetchTweetsInteractor.swift */; };
		749948271E075B2B00E71DA8 /* TweetsListPresenter.swift in Sources */ = {isa = PBXBuildFile; fileRef = 749948261E075B2B00E71DA8 /* TweetsListPresenter.swift */; };
		749948291E075EC000E71DA8 /* TweetTableViewCell.swift in Sources */ = {isa = PBXBuildFile; fileRef = 749948281E075EC000E71DA8 /* TweetTableViewCell.swift */; };
		7499482C1E075F1000E71DA8 /* TweetViewModel.swift in Sources */ = {isa = PBXBuildFile; fileRef = 7499482B1E075F1000E71DA8 /* TweetViewModel.swift */; };
		749948301E07708A00E71DA8 /* SignInTests.swift in Sources */ = {isa = PBXBuildFile; fileRef = 7499482F1E07708A00E71DA8 /* SignInTests.swift */; };
		749948321E0784C000E71DA8 /* SignInInteractor.swift in Sources */ = {isa = PBXBuildFile; fileRef = 749948311E0784C000E71DA8 /* SignInInteractor.swift */; };
		749948341E07853F00E71DA8 /* TwitterWebservice.swift in Sources */ = {isa = PBXBuildFile; fileRef = 749948331E07853F00E71DA8 /* TwitterWebservice.swift */; };
		749948361E07861300E71DA8 /* FakeTwitterWebservice.swift in Sources */ = {isa = PBXBuildFile; fileRef = 749948351E07861300E71DA8 /* FakeTwitterWebservice.swift */; };
		749948381E0788DA00E71DA8 /* SpySignInInteractorOutput.swift in Sources */ = {isa = PBXBuildFile; fileRef = 749948371E0788DA00E71DA8 /* SpySignInInteractorOutput.swift */; };
		7499483B1E078F2A00E71DA8 /* SignInPresenter.swift in Sources */ = {isa = PBXBuildFile; fileRef = 7499483A1E078F2A00E71DA8 /* SignInPresenter.swift */; };
		7499483D1E07909F00E71DA8 /* SignInWireframe.swift in Sources */ = {isa = PBXBuildFile; fileRef = 7499483C1E07909F00E71DA8 /* SignInWireframe.swift */; };
		7499483F1E07F5B600E71DA8 /* SignOutTests.swift in Sources */ = {isa = PBXBuildFile; fileRef = 7499483E1E07F5B600E71DA8 /* SignOutTests.swift */; };
		749948411E07FA5D00E71DA8 /* CheckSignedInUser.swift in Sources */ = {isa = PBXBuildFile; fileRef = 749948401E07FA5D00E71DA8 /* CheckSignedInUser.swift */; };
		749948431E08075800E71DA8 /* SpySignOutInteractorOutput.swift in Sources */ = {isa = PBXBuildFile; fileRef = 749948421E08075800E71DA8 /* SpySignOutInteractorOutput.swift */; };
		749948451E0807B500E71DA8 /* SignOutInteractor.swift in Sources */ = {isa = PBXBuildFile; fileRef = 749948441E0807B500E71DA8 /* SignOutInteractor.swift */; };
		749948471E08A60600E71DA8 /* TweetGateway.swift in Sources */ = {isa = PBXBuildFile; fileRef = 749948461E08A60600E71DA8 /* TweetGateway.swift */; };
		749948491E08AC2A00E71DA8 /* RealmTweetGateway.swift in Sources */ = {isa = PBXBuildFile; fileRef = 749948481E08AC2A00E71DA8 /* RealmTweetGateway.swift */; };
		7499484B1E08AEF400E71DA8 /* RealmTweetGatewayTests.swift in Sources */ = {isa = PBXBuildFile; fileRef = 7499484A1E08AEF400E71DA8 /* RealmTweetGatewayTests.swift */; };
		7499484D1E08AF9200E71DA8 /* Tweet.swift in Sources */ = {isa = PBXBuildFile; fileRef = 7499484C1E08AF9200E71DA8 /* Tweet.swift */; };
		7499484F1E08E57F00E71DA8 /* ComposePresenter.swift in Sources */ = {isa = PBXBuildFile; fileRef = 7499484E1E08E57F00E71DA8 /* ComposePresenter.swift */; };
		749948511E08E5F000E71DA8 /* ComposeTweetInteractor.swift in Sources */ = {isa = PBXBuildFile; fileRef = 749948501E08E5F000E71DA8 /* ComposeTweetInteractor.swift */; };
		749948531E08E79000E71DA8 /* ComposeTweetTests.swift in Sources */ = {isa = PBXBuildFile; fileRef = 749948521E08E79000E71DA8 /* ComposeTweetTests.swift */; };
		749948551E08FEB700E71DA8 /* SpyComposeTweetInteractorOutput.swift in Sources */ = {isa = PBXBuildFile; fileRef = 749948541E08FEB700E71DA8 /* SpyComposeTweetInteractorOutput.swift */; };
		749948571E08FEFA00E71DA8 /* AuthenticatedUserGateway.swift in Sources */ = {isa = PBXBuildFile; fileRef = 749948561E08FEFA00E71DA8 /* AuthenticatedUserGateway.swift */; };
		749948591E08FF4200E71DA8 /* SucceedPostingTwitterWebservice.swift in Sources */ = {isa = PBXBuildFile; fileRef = 749948581E08FF4200E71DA8 /* SucceedPostingTwitterWebservice.swift */; };
		7499485B1E08FF8900E71DA8 /* FailingPostTwitterWebservice.swift in Sources */ = {isa = PBXBuildFile; fileRef = 7499485A1E08FF8900E71DA8 /* FailingPostTwitterWebservice.swift */; };
		74FCDE641E094C2B006AC042 /* UnauthenticatedUserGateway.swift in Sources */ = {isa = PBXBuildFile; fileRef = 74FCDE631E094C2B006AC042 /* UnauthenticatedUserGateway.swift */; };
		74FCDE671E09C795006AC042 /* oldtweets.json in Resources */ = {isa = PBXBuildFile; fileRef = 74FCDE661E09C795006AC042 /* oldtweets.json */; };
		74FCDE691E09C8FB006AC042 /* LoadCachedTweetsInteractor.swift in Sources */ = {isa = PBXBuildFile; fileRef = 74FCDE681E09C8FB006AC042 /* LoadCachedTweetsInteractor.swift */; };
		74FCDE6C1E09FB03006AC042 /* TweetLoader.swift in Sources */ = {isa = PBXBuildFile; fileRef = 74FCDE6B1E09FB03006AC042 /* TweetLoader.swift */; };
		74FCDE6E1E0A01CA006AC042 /* README.md in Sources */ = {isa = PBXBuildFile; fileRef = 74FCDE6D1E0A01CA006AC042 /* README.md */; };
		74FCDE701E0A08B9006AC042 /* TweetDateFormatter.swift in Sources */ = {isa = PBXBuildFile; fileRef = 74FCDE6F1E0A08B9006AC042 /* TweetDateFormatter.swift */; };
		74FCDE731E0A1557006AC042 /* newtweets.json in Resources */ = {isa = PBXBuildFile; fileRef = 74FCDE721E0A1557006AC042 /* newtweets.json */; };
		74FCDE771E0AAB96006AC042 /* RealmUser.swift in Sources */ = {isa = PBXBuildFile; fileRef = 74FCDE761E0AAB96006AC042 /* RealmUser.swift */; };
		74FCDE791E0AABD8006AC042 /* RealmTweet.swift in Sources */ = {isa = PBXBuildFile; fileRef = 74FCDE781E0AABD8006AC042 /* RealmTweet.swift */; };
		AF4F4704B94CD07BE3C49379 /* Pods_flitterTests.framework in Frameworks */ = {isa = PBXBuildFile; fileRef = 2FC80E8EBF114E683CC25A1D /* Pods_flitterTests.framework */; };
/* End PBXBuildFile section */

/* Begin PBXContainerItemProxy section */
		7439C5A01E04F8260029E81E /* PBXContainerItemProxy */ = {
			isa = PBXContainerItemProxy;
			containerPortal = 7439C5831E04F8260029E81E /* Project object */;
			proxyType = 1;
			remoteGlobalIDString = 7439C58A1E04F8260029E81E;
			remoteInfo = flitter;
		};
/* End PBXContainerItemProxy section */

/* Begin PBXFileReference section */
		0A0F7FDFE88B0C6F0C1EFD81 /* Pods_flitter.framework */ = {isa = PBXFileReference; explicitFileType = wrapper.framework; includeInIndex = 0; path = Pods_flitter.framework; sourceTree = BUILT_PRODUCTS_DIR; };
		118D03C0F475D7EBF30BCCDB /* Pods-flitter.debug.xcconfig */ = {isa = PBXFileReference; includeInIndex = 1; lastKnownFileType = text.xcconfig; name = "Pods-flitter.debug.xcconfig"; path = "Pods/Target Support Files/Pods-flitter/Pods-flitter.debug.xcconfig"; sourceTree = "<group>"; };
		172A3446B906878E0D2583C1 /* Pods-flitterTests.debug.xcconfig */ = {isa = PBXFileReference; includeInIndex = 1; lastKnownFileType = text.xcconfig; name = "Pods-flitterTests.debug.xcconfig"; path = "Pods/Target Support Files/Pods-flitterTests/Pods-flitterTests.debug.xcconfig"; sourceTree = "<group>"; };
		2FC80E8EBF114E683CC25A1D /* Pods_flitterTests.framework */ = {isa = PBXFileReference; explicitFileType = wrapper.framework; includeInIndex = 0; path = Pods_flitterTests.framework; sourceTree = BUILT_PRODUCTS_DIR; };
		7439C58B1E04F8260029E81E /* flitter.app */ = {isa = PBXFileReference; explicitFileType = wrapper.application; includeInIndex = 0; path = flitter.app; sourceTree = BUILT_PRODUCTS_DIR; };
		7439C58E1E04F8260029E81E /* AppDelegate.swift */ = {isa = PBXFileReference; lastKnownFileType = sourcecode.swift; path = AppDelegate.swift; sourceTree = "<group>"; };
		7439C5901E04F8260029E81E /* TweetsListViewController.swift */ = {isa = PBXFileReference; lastKnownFileType = sourcecode.swift; path = TweetsListViewController.swift; sourceTree = "<group>"; };
		7439C5931E04F8260029E81E /* Base */ = {isa = PBXFileReference; lastKnownFileType = file.storyboard; name = Base; path = Base.lproj/Main.storyboard; sourceTree = "<group>"; };
		7439C5951E04F8260029E81E /* Assets.xcassets */ = {isa = PBXFileReference; lastKnownFileType = folder.assetcatalog; path = Assets.xcassets; sourceTree = "<group>"; };
		7439C5981E04F8260029E81E /* Base */ = {isa = PBXFileReference; lastKnownFileType = file.storyboard; name = Base; path = Base.lproj/LaunchScreen.storyboard; sourceTree = "<group>"; };
		7439C59A1E04F8260029E81E /* Info.plist */ = {isa = PBXFileReference; lastKnownFileType = text.plist.xml; path = Info.plist; sourceTree = "<group>"; };
		7439C59F1E04F8260029E81E /* flitterTests.xctest */ = {isa = PBXFileReference; explicitFileType = wrapper.cfbundle; includeInIndex = 0; path = flitterTests.xctest; sourceTree = BUILT_PRODUCTS_DIR; };
		7439C5A51E04F8260029E81E /* Info.plist */ = {isa = PBXFileReference; lastKnownFileType = text.plist.xml; path = Info.plist; sourceTree = "<group>"; };
		7439C5AF1E0580440029E81E /* ComposeViewController.swift */ = {isa = PBXFileReference; fileEncoding = 4; lastKnownFileType = sourcecode.swift; path = ComposeViewController.swift; sourceTree = "<group>"; };
		749947FC1E05EC2F00E71DA8 /* SignInViewController.swift */ = {isa = PBXFileReference; fileEncoding = 4; lastKnownFileType = sourcecode.swift; path = SignInViewController.swift; sourceTree = "<group>"; };
		749948011E06448000E71DA8 /* passwds.plist */ = {isa = PBXFileReference; fileEncoding = 4; lastKnownFileType = text.plist.xml; path = passwds.plist; sourceTree = "<group>"; };
		749948031E06D15200E71DA8 /* ComposeWireframe.swift */ = {isa = PBXFileReference; fileEncoding = 4; lastKnownFileType = sourcecode.swift; path = ComposeWireframe.swift; sourceTree = "<group>"; };
		749948051E06D7DF00E71DA8 /* ComposeConfigurator.swift */ = {isa = PBXFileReference; fileEncoding = 4; lastKnownFileType = sourcecode.swift; path = ComposeConfigurator.swift; sourceTree = "<group>"; };
		749948071E06DB7000E71DA8 /* ComposeConfiguratorImpl.swift */ = {isa = PBXFileReference; fileEncoding = 4; lastKnownFileType = sourcecode.swift; path = ComposeConfiguratorImpl.swift; sourceTree = "<group>"; };
		749948091E06DD0500E71DA8 /* Container-flitter.swift */ = {isa = PBXFileReference; fileEncoding = 4; lastKnownFileType = sourcecode.swift; path = "Container-flitter.swift"; sourceTree = "<group>"; };
		7499480B1E06E41400E71DA8 /* TweetsListConfigurator.swift */ = {isa = PBXFileReference; fileEncoding = 4; lastKnownFileType = sourcecode.swift; path = TweetsListConfigurator.swift; sourceTree = "<group>"; };
		7499480D1E06E44800E71DA8 /* TweetsListConfiguratorImpl.swift */ = {isa = PBXFileReference; fileEncoding = 4; lastKnownFileType = sourcecode.swift; path = TweetsListConfiguratorImpl.swift; sourceTree = "<group>"; };
		7499480F1E06E48700E71DA8 /* SignInConfigurator.swift */ = {isa = PBXFileReference; fileEncoding = 4; lastKnownFileType = sourcecode.swift; path = SignInConfigurator.swift; sourceTree = "<group>"; };
		749948111E06E4C500E71DA8 /* SignInConfiguratorImpl.swift */ = {isa = PBXFileReference; fileEncoding = 4; lastKnownFileType = sourcecode.swift; path = SignInConfiguratorImpl.swift; sourceTree = "<group>"; };
		749948131E06E96700E71DA8 /* TweetsListWireframe.swift */ = {isa = PBXFileReference; fileEncoding = 4; lastKnownFileType = sourcecode.swift; path = TweetsListWireframe.swift; sourceTree = "<group>"; };
		749948161E06E9D500E71DA8 /* Base */ = {isa = PBXFileReference; lastKnownFileType = file.storyboard; name = Base; path = Base.lproj/SignIn.storyboard; sourceTree = "<group>"; };
		7499481A1E06F39C00E71DA8 /* User.swift */ = {isa = PBXFileReference; fileEncoding = 4; lastKnownFileType = sourcecode.swift; path = User.swift; sourceTree = "<group>"; };
		7499481C1E06F62900E71DA8 /* UserGateway.swift */ = {isa = PBXFileReference; fileEncoding = 4; lastKnownFileType = sourcecode.swift; path = UserGateway.swift; sourceTree = "<group>"; };
		7499481E1E06F67300E71DA8 /* UserGatewayTests.swift */ = {isa = PBXFileReference; fileEncoding = 4; lastKnownFileType = sourcecode.swift; path = UserGatewayTests.swift; sourceTree = "<group>"; };
		749948201E06F75100E71DA8 /* RealmUserGateway.swift */ = {isa = PBXFileReference; fileEncoding = 4; lastKnownFileType = sourcecode.swift; path = RealmUserGateway.swift; sourceTree = "<group>"; };
		749948241E075B0C00E71DA8 /* FetchTweetsInteractor.swift */ = {isa = PBXFileReference; fileEncoding = 4; lastKnownFileType = sourcecode.swift; path = FetchTweetsInteractor.swift; sourceTree = "<group>"; };
		749948261E075B2B00E71DA8 /* TweetsListPresenter.swift */ = {isa = PBXFileReference; fileEncoding = 4; lastKnownFileType = sourcecode.swift; path = TweetsListPresenter.swift; sourceTree = "<group>"; };
		749948281E075EC000E71DA8 /* TweetTableViewCell.swift */ = {isa = PBXFileReference; fileEncoding = 4; lastKnownFileType = sourcecode.swift; path = TweetTableViewCell.swift; sourceTree = "<group>"; };
		7499482B1E075F1000E71DA8 /* TweetViewModel.swift */ = {isa = PBXFileReference; fileEncoding = 4; lastKnownFileType = sourcecode.swift; path = TweetViewModel.swift; sourceTree = "<group>"; };
		7499482F1E07708A00E71DA8 /* SignInTests.swift */ = {isa = PBXFileReference; fileEncoding = 4; lastKnownFileType = sourcecode.swift; path = SignInTests.swift; sourceTree = "<group>"; };
		749948311E0784C000E71DA8 /* SignInInteractor.swift */ = {isa = PBXFileReference; fileEncoding = 4; lastKnownFileType = sourcecode.swift; path = SignInInteractor.swift; sourceTree = "<group>"; };
		749948331E07853F00E71DA8 /* TwitterWebservice.swift */ = {isa = PBXFileReference; fileEncoding = 4; lastKnownFileType = sourcecode.swift; path = TwitterWebservice.swift; sourceTree = "<group>"; };
		749948351E07861300E71DA8 /* FakeTwitterWebservice.swift */ = {isa = PBXFileReference; fileEncoding = 4; lastKnownFileType = sourcecode.swift; path = FakeTwitterWebservice.swift; sourceTree = "<group>"; };
		749948371E0788DA00E71DA8 /* SpySignInInteractorOutput.swift */ = {isa = PBXFileReference; fileEncoding = 4; lastKnownFileType = sourcecode.swift; path = SpySignInInteractorOutput.swift; sourceTree = "<group>"; };
		7499483A1E078F2A00E71DA8 /* SignInPresenter.swift */ = {isa = PBXFileReference; fileEncoding = 4; lastKnownFileType = sourcecode.swift; path = SignInPresenter.swift; sourceTree = "<group>"; };
		7499483C1E07909F00E71DA8 /* SignInWireframe.swift */ = {isa = PBXFileReference; fileEncoding = 4; lastKnownFileType = sourcecode.swift; path = SignInWireframe.swift; sourceTree = "<group>"; };
		7499483E1E07F5B600E71DA8 /* SignOutTests.swift */ = {isa = PBXFileReference; fileEncoding = 4; lastKnownFileType = sourcecode.swift; path = SignOutTests.swift; sourceTree = "<group>"; };
		749948401E07FA5D00E71DA8 /* CheckSignedInUser.swift */ = {isa = PBXFileReference; fileEncoding = 4; lastKnownFileType = sourcecode.swift; path = CheckSignedInUser.swift; sourceTree = "<group>"; };
		749948421E08075800E71DA8 /* SpySignOutInteractorOutput.swift */ = {isa = PBXFileReference; fileEncoding = 4; lastKnownFileType = sourcecode.swift; path = SpySignOutInteractorOutput.swift; sourceTree = "<group>"; };
		749948441E0807B500E71DA8 /* SignOutInteractor.swift */ = {isa = PBXFileReference; fileEncoding = 4; lastKnownFileType = sourcecode.swift; path = SignOutInteractor.swift; sourceTree = "<group>"; };
		749948461E08A60600E71DA8 /* TweetGateway.swift */ = {isa = PBXFileReference; fileEncoding = 4; lastKnownFileType = sourcecode.swift; path = TweetGateway.swift; sourceTree = "<group>"; };
		749948481E08AC2A00E71DA8 /* RealmTweetGateway.swift */ = {isa = PBXFileReference; fileEncoding = 4; lastKnownFileType = sourcecode.swift; path = RealmTweetGateway.swift; sourceTree = "<group>"; };
		7499484A1E08AEF400E71DA8 /* RealmTweetGatewayTests.swift */ = {isa = PBXFileReference; fileEncoding = 4; lastKnownFileType = sourcecode.swift; path = RealmTweetGatewayTests.swift; sourceTree = "<group>"; };
		7499484C1E08AF9200E71DA8 /* Tweet.swift */ = {isa = PBXFileReference; fileEncoding = 4; lastKnownFileType = sourcecode.swift; path = Tweet.swift; sourceTree = "<group>"; };
		7499484E1E08E57F00E71DA8 /* ComposePresenter.swift */ = {isa = PBXFileReference; fileEncoding = 4; lastKnownFileType = sourcecode.swift; path = ComposePresenter.swift; sourceTree = "<group>"; };
		749948501E08E5F000E71DA8 /* ComposeTweetInteractor.swift */ = {isa = PBXFileReference; fileEncoding = 4; lastKnownFileType = sourcecode.swift; path = ComposeTweetInteractor.swift; sourceTree = "<group>"; };
		749948521E08E79000E71DA8 /* ComposeTweetTests.swift */ = {isa = PBXFileReference; fileEncoding = 4; lastKnownFileType = sourcecode.swift; path = ComposeTweetTests.swift; sourceTree = "<group>"; };
		749948541E08FEB700E71DA8 /* SpyComposeTweetInteractorOutput.swift */ = {isa = PBXFileReference; fileEncoding = 4; lastKnownFileType = sourcecode.swift; path = SpyComposeTweetInteractorOutput.swift; sourceTree = "<group>"; };
		749948561E08FEFA00E71DA8 /* AuthenticatedUserGateway.swift */ = {isa = PBXFileReference; fileEncoding = 4; lastKnownFileType = sourcecode.swift; path = AuthenticatedUserGateway.swift; sourceTree = "<group>"; };
		749948581E08FF4200E71DA8 /* SucceedPostingTwitterWebservice.swift */ = {isa = PBXFileReference; fileEncoding = 4; lastKnownFileType = sourcecode.swift; path = SucceedPostingTwitterWebservice.swift; sourceTree = "<group>"; };
		7499485A1E08FF8900E71DA8 /* FailingPostTwitterWebservice.swift */ = {isa = PBXFileReference; fileEncoding = 4; lastKnownFileType = sourcecode.swift; path = FailingPostTwitterWebservice.swift; sourceTree = "<group>"; };
		74FCDE631E094C2B006AC042 /* UnauthenticatedUserGateway.swift */ = {isa = PBXFileReference; fileEncoding = 4; lastKnownFileType = sourcecode.swift; path = UnauthenticatedUserGateway.swift; sourceTree = "<group>"; };
		74FCDE661E09C795006AC042 /* oldtweets.json */ = {isa = PBXFileReference; fileEncoding = 4; lastKnownFileType = text.json; path = oldtweets.json; sourceTree = "<group>"; };
		74FCDE681E09C8FB006AC042 /* LoadCachedTweetsInteractor.swift */ = {isa = PBXFileReference; fileEncoding = 4; lastKnownFileType = sourcecode.swift; path = LoadCachedTweetsInteractor.swift; sourceTree = "<group>"; };
		74FCDE6B1E09FB03006AC042 /* TweetLoader.swift */ = {isa = PBXFileReference; fileEncoding = 4; lastKnownFileType = sourcecode.swift; path = TweetLoader.swift; sourceTree = "<group>"; };
		74FCDE6D1E0A01CA006AC042 /* README.md */ = {isa = PBXFileReference; fileEncoding = 4; lastKnownFileType = net.daringfireball.markdown; path = README.md; sourceTree = "<group>"; };
		74FCDE6F1E0A08B9006AC042 /* TweetDateFormatter.swift */ = {isa = PBXFileReference; fileEncoding = 4; lastKnownFileType = sourcecode.swift; path = TweetDateFormatter.swift; sourceTree = "<group>"; };
		74FCDE721E0A1557006AC042 /* newtweets.json */ = {isa = PBXFileReference; fileEncoding = 4; lastKnownFileType = text.json; path = newtweets.json; sourceTree = "<group>"; };
		74FCDE761E0AAB96006AC042 /* RealmUser.swift */ = {isa = PBXFileReference; fileEncoding = 4; lastKnownFileType = sourcecode.swift; path = RealmUser.swift; sourceTree = "<group>"; };
		74FCDE781E0AABD8006AC042 /* RealmTweet.swift */ = {isa = PBXFileReference; fileEncoding = 4; lastKnownFileType = sourcecode.swift; path = RealmTweet.swift; sourceTree = "<group>"; };
		B333ED1733C69934AB6C8FFE /* Pods-flitter.release.xcconfig */ = {isa = PBXFileReference; includeInIndex = 1; lastKnownFileType = text.xcconfig; name = "Pods-flitter.release.xcconfig"; path = "Pods/Target Support Files/Pods-flitter/Pods-flitter.release.xcconfig"; sourceTree = "<group>"; };
		D83F3A53C38809CA8AF50425 /* Pods-flitterTests.release.xcconfig */ = {isa = PBXFileReference; includeInIndex = 1; lastKnownFileType = text.xcconfig; name = "Pods-flitterTests.release.xcconfig"; path = "Pods/Target Support Files/Pods-flitterTests/Pods-flitterTests.release.xcconfig"; sourceTree = "<group>"; };
/* End PBXFileReference section */

/* Begin PBXFrameworksBuildPhase section */
		7439C5881E04F8260029E81E /* Frameworks */ = {
			isa = PBXFrameworksBuildPhase;
			buildActionMask = 2147483647;
			files = (
				16202339BFE0ABA2833C9303 /* Pods_flitter.framework in Frameworks */,
			);
			runOnlyForDeploymentPostprocessing = 0;
		};
		7439C59C1E04F8260029E81E /* Frameworks */ = {
			isa = PBXFrameworksBuildPhase;
			buildActionMask = 2147483647;
			files = (
				AF4F4704B94CD07BE3C49379 /* Pods_flitterTests.framework in Frameworks */,
			);
			runOnlyForDeploymentPostprocessing = 0;
		};
/* End PBXFrameworksBuildPhase section */

/* Begin PBXGroup section */
		00F29E99FE752CA168F2C10D /* Pods */ = {
			isa = PBXGroup;
			children = (
				118D03C0F475D7EBF30BCCDB /* Pods-flitter.debug.xcconfig */,
				B333ED1733C69934AB6C8FFE /* Pods-flitter.release.xcconfig */,
				172A3446B906878E0D2583C1 /* Pods-flitterTests.debug.xcconfig */,
				D83F3A53C38809CA8AF50425 /* Pods-flitterTests.release.xcconfig */,
			);
			name = Pods;
			sourceTree = "<group>";
		};
		3A75FDF0E11487E178E13103 /* Frameworks */ = {
			isa = PBXGroup;
			children = (
				0A0F7FDFE88B0C6F0C1EFD81 /* Pods_flitter.framework */,
				2FC80E8EBF114E683CC25A1D /* Pods_flitterTests.framework */,
			);
			name = Frameworks;
			sourceTree = "<group>";
		};
		7439C5821E04F8260029E81E = {
			isa = PBXGroup;
			children = (
				74FCDE6D1E0A01CA006AC042 /* README.md */,
				7439C58D1E04F8260029E81E /* flitter */,
				7439C5A21E04F8260029E81E /* flitterTests */,
				7439C58C1E04F8260029E81E /* Products */,
				00F29E99FE752CA168F2C10D /* Pods */,
				3A75FDF0E11487E178E13103 /* Frameworks */,
			);
			sourceTree = "<group>";
		};
		7439C58C1E04F8260029E81E /* Products */ = {
			isa = PBXGroup;
			children = (
				7439C58B1E04F8260029E81E /* flitter.app */,
				7439C59F1E04F8260029E81E /* flitterTests.xctest */,
			);
			name = Products;
			sourceTree = "<group>";
		};
		7439C58D1E04F8260029E81E /* flitter */ = {
			isa = PBXGroup;
			children = (
				7439C58E1E04F8260029E81E /* AppDelegate.swift */,
				749948091E06DD0500E71DA8 /* Container-flitter.swift */,
				749947FF1E05EC5500E71DA8 /* Interface */,
				749948001E05EC6700E71DA8 /* Interactors (use cases) */,
				7499482A1E075EE600E71DA8 /* ViewModels */,
				749948181E06F36900E71DA8 /* Adapters */,
				749948191E06F38100E71DA8 /* Domain */,
				7439C5AE1E04FB2E0029E81E /* Resources */,
			);
			path = flitter;
			sourceTree = "<group>";
		};
		7439C5A21E04F8260029E81E /* flitterTests */ = {
			isa = PBXGroup;
			children = (
				749948391E07891600E71DA8 /* test doubles */,
				7499482F1E07708A00E71DA8 /* SignInTests.swift */,
				7499483E1E07F5B600E71DA8 /* SignOutTests.swift */,
				749948521E08E79000E71DA8 /* ComposeTweetTests.swift */,
				7499481E1E06F67300E71DA8 /* UserGatewayTests.swift */,
				7499484A1E08AEF400E71DA8 /* RealmTweetGatewayTests.swift */,
				7439C5A51E04F8260029E81E /* Info.plist */,
			);
			path = flitterTests;
			sourceTree = "<group>";
		};
		7439C5AE1E04FB2E0029E81E /* Resources */ = {
			isa = PBXGroup;
			children = (
				7439C5951E04F8260029E81E /* Assets.xcassets */,
				7439C59A1E04F8260029E81E /* Info.plist */,
				749948011E06448000E71DA8 /* passwds.plist */,
				7439C5921E04F8260029E81E /* Main.storyboard */,
				7439C5971E04F8260029E81E /* LaunchScreen.storyboard */,
				749948151E06E9D500E71DA8 /* SignIn.storyboard */,
				74FCDE661E09C795006AC042 /* oldtweets.json */,
				74FCDE721E0A1557006AC042 /* newtweets.json */,
			);
			name = Resources;
			sourceTree = "<group>";
		};
		749947FA1E05EC0000E71DA8 /* Compose */ = {
			isa = PBXGroup;
			children = (
				7439C5AF1E0580440029E81E /* ComposeViewController.swift */,
				749948031E06D15200E71DA8 /* ComposeWireframe.swift */,
				7499484E1E08E57F00E71DA8 /* ComposePresenter.swift */,
				749948051E06D7DF00E71DA8 /* ComposeConfigurator.swift */,
				749948071E06DB7000E71DA8 /* ComposeConfiguratorImpl.swift */,
			);
			name = Compose;
			sourceTree = "<group>";
		};
		749947FB1E05EC0B00E71DA8 /* Tweet List */ = {
			isa = PBXGroup;
			children = (
				749948281E075EC000E71DA8 /* TweetTableViewCell.swift */,
				7439C5901E04F8260029E81E /* TweetsListViewController.swift */,
				7499480B1E06E41400E71DA8 /* TweetsListConfigurator.swift */,
				749948131E06E96700E71DA8 /* TweetsListWireframe.swift */,
				749948261E075B2B00E71DA8 /* TweetsListPresenter.swift */,
				7499480D1E06E44800E71DA8 /* TweetsListConfiguratorImpl.swift */,
			);
			name = "Tweet List";
			sourceTree = "<group>";
		};
		749947FE1E05EC4600E71DA8 /* SignIn */ = {
			isa = PBXGroup;
			children = (
				749947FC1E05EC2F00E71DA8 /* SignInViewController.swift */,
				7499480F1E06E48700E71DA8 /* SignInConfigurator.swift */,
				7499483C1E07909F00E71DA8 /* SignInWireframe.swift */,
				7499483A1E078F2A00E71DA8 /* SignInPresenter.swift */,
				749948111E06E4C500E71DA8 /* SignInConfiguratorImpl.swift */,
			);
			name = SignIn;
			sourceTree = "<group>";
		};
		749947FF1E05EC5500E71DA8 /* Interface */ = {
			isa = PBXGroup;
			children = (
				749947FE1E05EC4600E71DA8 /* SignIn */,
				749947FB1E05EC0B00E71DA8 /* Tweet List */,
				749947FA1E05EC0000E71DA8 /* Compose */,
			);
			name = Interface;
			sourceTree = "<group>";
		};
		749948001E05EC6700E71DA8 /* Interactors (use cases) */ = {
			isa = PBXGroup;
			children = (
				749948401E07FA5D00E71DA8 /* CheckSignedInUser.swift */,
				749948311E0784C000E71DA8 /* SignInInteractor.swift */,
				749948441E0807B500E71DA8 /* SignOutInteractor.swift */,
				749948241E075B0C00E71DA8 /* FetchTweetsInteractor.swift */,
				74FCDE681E09C8FB006AC042 /* LoadCachedTweetsInteractor.swift */,
				749948501E08E5F000E71DA8 /* ComposeTweetInteractor.swift */,
				74FCDE6B1E09FB03006AC042 /* TweetLoader.swift */,
				74FCDE6F1E0A08B9006AC042 /* TweetDateFormatter.swift */,
			);
			name = "Interactors (use cases)";
			sourceTree = "<group>";
		};
		749948181E06F36900E71DA8 /* Adapters */ = {
			isa = PBXGroup;
			children = (
				74FCDE761E0AAB96006AC042 /* RealmUser.swift */,
				74FCDE781E0AABD8006AC042 /* RealmTweet.swift */,
				749948201E06F75100E71DA8 /* RealmUserGateway.swift */,
				749948481E08AC2A00E71DA8 /* RealmTweetGateway.swift */,
				749948351E07861300E71DA8 /* FakeTwitterWebservice.swift */,
			);
			name = Adapters;
			sourceTree = "<group>";
		};
		749948191E06F38100E71DA8 /* Domain */ = {
			isa = PBXGroup;
			children = (
				7499481A1E06F39C00E71DA8 /* User.swift */,
				7499481C1E06F62900E71DA8 /* UserGateway.swift */,
				7499484C1E08AF9200E71DA8 /* Tweet.swift */,
				749948461E08A60600E71DA8 /* TweetGateway.swift */,
				749948331E07853F00E71DA8 /* TwitterWebservice.swift */,
			);
			name = Domain;
			sourceTree = "<group>";
		};
		7499482A1E075EE600E71DA8 /* ViewModels */ = {
			isa = PBXGroup;
			children = (
				7499482B1E075F1000E71DA8 /* TweetViewModel.swift */,
			);
			name = ViewModels;
			sourceTree = "<group>";
		};
		749948391E07891600E71DA8 /* test doubles */ = {
			isa = PBXGroup;
			children = (
				749948371E0788DA00E71DA8 /* SpySignInInteractorOutput.swift */,
				749948421E08075800E71DA8 /* SpySignOutInteractorOutput.swift */,
				749948541E08FEB700E71DA8 /* SpyComposeTweetInteractorOutput.swift */,
				749948561E08FEFA00E71DA8 /* AuthenticatedUserGateway.swift */,
				74FCDE631E094C2B006AC042 /* UnauthenticatedUserGateway.swift */,
				749948581E08FF4200E71DA8 /* SucceedPostingTwitterWebservice.swift */,
				7499485A1E08FF8900E71DA8 /* FailingPostTwitterWebservice.swift */,
			);
			name = "test doubles";
			sourceTree = "<group>";
		};
/* End PBXGroup section */

/* Begin PBXNativeTarget section */
		7439C58A1E04F8260029E81E /* flitter */ = {
			isa = PBXNativeTarget;
			buildConfigurationList = 7439C5A81E04F8260029E81E /* Build configuration list for PBXNativeTarget "flitter" */;
			buildPhases = (
				CC3E805CD2278FAFF28B3310 /* [CP] Check Pods Manifest.lock */,
				7439C5871E04F8260029E81E /* Sources */,
				7439C5881E04F8260029E81E /* Frameworks */,
				7439C5891E04F8260029E81E /* Resources */,
				7DD071CC914E5915E71F38E2 /* [CP] Embed Pods Frameworks */,
				2AB71794B0234D0B5D07BFAC /* [CP] Copy Pods Resources */,
			);
			buildRules = (
			);
			dependencies = (
			);
			name = flitter;
			productName = flitter;
			productReference = 7439C58B1E04F8260029E81E /* flitter.app */;
			productType = "com.apple.product-type.application";
		};
		7439C59E1E04F8260029E81E /* flitterTests */ = {
			isa = PBXNativeTarget;
			buildConfigurationList = 7439C5AB1E04F8260029E81E /* Build configuration list for PBXNativeTarget "flitterTests" */;
			buildPhases = (
				42477E39E07B3E7749ED8E2A /* [CP] Check Pods Manifest.lock */,
				7439C59B1E04F8260029E81E /* Sources */,
				7439C59C1E04F8260029E81E /* Frameworks */,
				7439C59D1E04F8260029E81E /* Resources */,
				7D4915A7C06A0A18BAF27AE5 /* [CP] Embed Pods Frameworks */,
				134877E384EA45F3BF0B5B99 /* [CP] Copy Pods Resources */,
			);
			buildRules = (
			);
			dependencies = (
				7439C5A11E04F8260029E81E /* PBXTargetDependency */,
			);
			name = flitterTests;
			productName = flitterTests;
			productReference = 7439C59F1E04F8260029E81E /* flitterTests.xctest */;
			productType = "com.apple.product-type.bundle.unit-test";
		};
/* End PBXNativeTarget section */

/* Begin PBXProject section */
		7439C5831E04F8260029E81E /* Project object */ = {
			isa = PBXProject;
			attributes = {
				LastSwiftUpdateCheck = 0820;
				LastUpgradeCheck = 0820;
				ORGANIZATIONNAME = "Jody Schofield";
				TargetAttributes = {
					7439C58A1E04F8260029E81E = {
						CreatedOnToolsVersion = 8.2;
						ProvisioningStyle = Automatic;
					};
					7439C59E1E04F8260029E81E = {
						CreatedOnToolsVersion = 8.2;
						ProvisioningStyle = Automatic;
						TestTargetID = 7439C58A1E04F8260029E81E;
					};
				};
			};
			buildConfigurationList = 7439C5861E04F8260029E81E /* Build configuration list for PBXProject "flitter" */;
			compatibilityVersion = "Xcode 3.2";
			developmentRegion = English;
			hasScannedForEncodings = 0;
			knownRegions = (
				en,
				Base,
			);
			mainGroup = 7439C5821E04F8260029E81E;
			productRefGroup = 7439C58C1E04F8260029E81E /* Products */;
			projectDirPath = "";
			projectRoot = "";
			targets = (
				7439C58A1E04F8260029E81E /* flitter */,
				7439C59E1E04F8260029E81E /* flitterTests */,
			);
		};
/* End PBXProject section */

/* Begin PBXResourcesBuildPhase section */
		7439C5891E04F8260029E81E /* Resources */ = {
			isa = PBXResourcesBuildPhase;
			buildActionMask = 2147483647;
			files = (
				74FCDE671E09C795006AC042 /* oldtweets.json in Resources */,
				74FCDE731E0A1557006AC042 /* newtweets.json in Resources */,
				7439C5991E04F8260029E81E /* LaunchScreen.storyboard in Resources */,
				749948171E06E9D500E71DA8 /* SignIn.storyboard in Resources */,
				7439C5961E04F8260029E81E /* Assets.xcassets in Resources */,
				7439C5941E04F8260029E81E /* Main.storyboard in Resources */,
				749948021E06448000E71DA8 /* passwds.plist in Resources */,
			);
			runOnlyForDeploymentPostprocessing = 0;
		};
		7439C59D1E04F8260029E81E /* Resources */ = {
			isa = PBXResourcesBuildPhase;
			buildActionMask = 2147483647;
			files = (
			);
			runOnlyForDeploymentPostprocessing = 0;
		};
/* End PBXResourcesBuildPhase section */

/* Begin PBXShellScriptBuildPhase section */
		134877E384EA45F3BF0B5B99 /* [CP] Copy Pods Resources */ = {
			isa = PBXShellScriptBuildPhase;
			buildActionMask = 2147483647;
			files = (
			);
			inputPaths = (
			);
			name = "[CP] Copy Pods Resources";
			outputPaths = (
			);
			runOnlyForDeploymentPostprocessing = 0;
			shellPath = /bin/sh;
			shellScript = "\"${SRCROOT}/Pods/Target Support Files/Pods-flitterTests/Pods-flitterTests-resources.sh\"\n";
			showEnvVarsInLog = 0;
		};
		2AB71794B0234D0B5D07BFAC /* [CP] Copy Pods Resources */ = {
			isa = PBXShellScriptBuildPhase;
			buildActionMask = 2147483647;
			files = (
			);
			inputPaths = (
			);
			name = "[CP] Copy Pods Resources";
			outputPaths = (
			);
			runOnlyForDeploymentPostprocessing = 0;
			shellPath = /bin/sh;
			shellScript = "\"${SRCROOT}/Pods/Target Support Files/Pods-flitter/Pods-flitter-resources.sh\"\n";
			showEnvVarsInLog = 0;
		};
		42477E39E07B3E7749ED8E2A /* [CP] Check Pods Manifest.lock */ = {
			isa = PBXShellScriptBuildPhase;
			buildActionMask = 2147483647;
			files = (
			);
			inputPaths = (
			);
			name = "[CP] Check Pods Manifest.lock";
			outputPaths = (
			);
			runOnlyForDeploymentPostprocessing = 0;
			shellPath = /bin/sh;
			shellScript = "diff \"${PODS_ROOT}/../Podfile.lock\" \"${PODS_ROOT}/Manifest.lock\" > /dev/null\nif [ $? != 0 ] ; then\n    # print error to STDERR\n    echo \"error: The sandbox is not in sync with the Podfile.lock. Run 'pod install' or update your CocoaPods installation.\" >&2\n    exit 1\nfi\n";
			showEnvVarsInLog = 0;
		};
		7D4915A7C06A0A18BAF27AE5 /* [CP] Embed Pods Frameworks */ = {
			isa = PBXShellScriptBuildPhase;
			buildActionMask = 2147483647;
			files = (
			);
			inputPaths = (
			);
			name = "[CP] Embed Pods Frameworks";
			outputPaths = (
			);
			runOnlyForDeploymentPostprocessing = 0;
			shellPath = /bin/sh;
			shellScript = "\"${SRCROOT}/Pods/Target Support Files/Pods-flitterTests/Pods-flitterTests-frameworks.sh\"\n";
			showEnvVarsInLog = 0;
		};
		7DD071CC914E5915E71F38E2 /* [CP] Embed Pods Frameworks */ = {
			isa = PBXShellScriptBuildPhase;
			buildActionMask = 2147483647;
			files = (
			);
			inputPaths = (
			);
			name = "[CP] Embed Pods Frameworks";
			outputPaths = (
			);
			runOnlyForDeploymentPostprocessing = 0;
			shellPath = /bin/sh;
			shellScript = "\"${SRCROOT}/Pods/Target Support Files/Pods-flitter/Pods-flitter-frameworks.sh\"\n";
			showEnvVarsInLog = 0;
		};
		CC3E805CD2278FAFF28B3310 /* [CP] Check Pods Manifest.lock */ = {
			isa = PBXShellScriptBuildPhase;
			buildActionMask = 2147483647;
			files = (
			);
			inputPaths = (
			);
			name = "[CP] Check Pods Manifest.lock";
			outputPaths = (
			);
			runOnlyForDeploymentPostprocessing = 0;
			shellPath = /bin/sh;
			shellScript = "diff \"${PODS_ROOT}/../Podfile.lock\" \"${PODS_ROOT}/Manifest.lock\" > /dev/null\nif [ $? != 0 ] ; then\n    # print error to STDERR\n    echo \"error: The sandbox is not in sync with the Podfile.lock. Run 'pod install' or update your CocoaPods installation.\" >&2\n    exit 1\nfi\n";
			showEnvVarsInLog = 0;
		};
/* End PBXShellScriptBuildPhase section */

/* Begin PBXSourcesBuildPhase section */
		7439C5871E04F8260029E81E /* Sources */ = {
			isa = PBXSourcesBuildPhase;
			buildActionMask = 2147483647;
			files = (
				749948211E06F75100E71DA8 /* RealmUserGateway.swift in Sources */,
				7499484F1E08E57F00E71DA8 /* ComposePresenter.swift in Sources */,
				74FCDE701E0A08B9006AC042 /* TweetDateFormatter.swift in Sources */,
				749948101E06E48700E71DA8 /* SignInConfigurator.swift in Sources */,
				749948141E06E96700E71DA8 /* TweetsListWireframe.swift in Sources */,
				749948491E08AC2A00E71DA8 /* RealmTweetGateway.swift in Sources */,
				7499481D1E06F62900E71DA8 /* UserGateway.swift in Sources */,
				749948411E07FA5D00E71DA8 /* CheckSignedInUser.swift in Sources */,
				74FCDE771E0AAB96006AC042 /* RealmUser.swift in Sources */,
				749948451E0807B500E71DA8 /* SignOutInteractor.swift in Sources */,
				749948341E07853F00E71DA8 /* TwitterWebservice.swift in Sources */,
				749948041E06D15200E71DA8 /* ComposeWireframe.swift in Sources */,
				749948291E075EC000E71DA8 /* TweetTableViewCell.swift in Sources */,
				749947FD1E05EC3000E71DA8 /* SignInViewController.swift in Sources */,
				749948251E075B0C00E71DA8 /* FetchTweetsInteractor.swift in Sources */,
				7499483B1E078F2A00E71DA8 /* SignInPresenter.swift in Sources */,
				749948471E08A60600E71DA8 /* TweetGateway.swift in Sources */,
				749948081E06DB7000E71DA8 /* ComposeConfiguratorImpl.swift in Sources */,
				749948271E075B2B00E71DA8 /* TweetsListPresenter.swift in Sources */,
				74FCDE6E1E0A01CA006AC042 /* README.md in Sources */,
				749948511E08E5F000E71DA8 /* ComposeTweetInteractor.swift in Sources */,
				749948121E06E4C500E71DA8 /* SignInConfiguratorImpl.swift in Sources */,
				749948361E07861300E71DA8 /* FakeTwitterWebservice.swift in Sources */,
				7499481B1E06F39C00E71DA8 /* User.swift in Sources */,
				7499480C1E06E41400E71DA8 /* TweetsListConfigurator.swift in Sources */,
				74FCDE791E0AABD8006AC042 /* RealmTweet.swift in Sources */,
				7499480E1E06E44800E71DA8 /* TweetsListConfiguratorImpl.swift in Sources */,
				7499484D1E08AF9200E71DA8 /* Tweet.swift in Sources */,
				7439C5B01E0580440029E81E /* ComposeViewController.swift in Sources */,
				7499480A1E06DD0500E71DA8 /* Container-flitter.swift in Sources */,
				7499482C1E075F1000E71DA8 /* TweetViewModel.swift in Sources */,
				7499483D1E07909F00E71DA8 /* SignInWireframe.swift in Sources */,
				74FCDE6C1E09FB03006AC042 /* TweetLoader.swift in Sources */,
				749948061E06D7DF00E71DA8 /* ComposeConfigurator.swift in Sources */,
				7439C5911E04F8260029E81E /* TweetsListViewController.swift in Sources */,
				749948321E0784C000E71DA8 /* SignInInteractor.swift in Sources */,
				7439C58F1E04F8260029E81E /* AppDelegate.swift in Sources */,
				74FCDE691E09C8FB006AC042 /* LoadCachedTweetsInteractor.swift in Sources */,
			);
			runOnlyForDeploymentPostprocessing = 0;
		};
		7439C59B1E04F8260029E81E /* Sources */ = {
			isa = PBXSourcesBuildPhase;
			buildActionMask = 2147483647;
			files = (
				749948591E08FF4200E71DA8 /* SucceedPostingTwitterWebservice.swift in Sources */,
				7499484B1E08AEF400E71DA8 /* RealmTweetGatewayTests.swift in Sources */,
				749948431E08075800E71DA8 /* SpySignOutInteractorOutput.swift in Sources */,
				749948381E0788DA00E71DA8 /* SpySignInInteractorOutput.swift in Sources */,
				74FCDE641E094C2B006AC042 /* UnauthenticatedUserGateway.swift in Sources */,
				7499485B1E08FF8900E71DA8 /* FailingPostTwitterWebservice.swift in Sources */,
				749948571E08FEFA00E71DA8 /* AuthenticatedUserGateway.swift in Sources */,
				7499483F1E07F5B600E71DA8 /* SignOutTests.swift in Sources */,
				7499481F1E06F67300E71DA8 /* UserGatewayTests.swift in Sources */,
				749948301E07708A00E71DA8 /* SignInTests.swift in Sources */,
				749948531E08E79000E71DA8 /* ComposeTweetTests.swift in Sources */,
				749948551E08FEB700E71DA8 /* SpyComposeTweetInteractorOutput.swift in Sources */,
			);
			runOnlyForDeploymentPostprocessing = 0;
		};
/* End PBXSourcesBuildPhase section */

/* Begin PBXTargetDependency section */
		7439C5A11E04F8260029E81E /* PBXTargetDependency */ = {
			isa = PBXTargetDependency;
			target = 7439C58A1E04F8260029E81E /* flitter */;
			targetProxy = 7439C5A01E04F8260029E81E /* PBXContainerItemProxy */;
		};
/* End PBXTargetDependency section */

/* Begin PBXVariantGroup section */
		7439C5921E04F8260029E81E /* Main.storyboard */ = {
			isa = PBXVariantGroup;
			children = (
				7439C5931E04F8260029E81E /* Base */,
			);
			name = Main.storyboard;
			sourceTree = "<group>";
		};
		7439C5971E04F8260029E81E /* LaunchScreen.storyboard */ = {
			isa = PBXVariantGroup;
			children = (
				7439C5981E04F8260029E81E /* Base */,
			);
			name = LaunchScreen.storyboard;
			sourceTree = "<group>";
		};
		749948151E06E9D500E71DA8 /* SignIn.storyboard */ = {
			isa = PBXVariantGroup;
			children = (
				749948161E06E9D500E71DA8 /* Base */,
			);
			name = SignIn.storyboard;
			sourceTree = "<group>";
		};
/* End PBXVariantGroup section */

/* Begin XCBuildConfiguration section */
		7439C5A61E04F8260029E81E /* Debug */ = {
			isa = XCBuildConfiguration;
			buildSettings = {
				ALWAYS_SEARCH_USER_PATHS = NO;
				CLANG_ANALYZER_NONNULL = YES;
				CLANG_CXX_LANGUAGE_STANDARD = "gnu++0x";
				CLANG_CXX_LIBRARY = "libc++";
				CLANG_ENABLE_MODULES = YES;
				CLANG_ENABLE_OBJC_ARC = YES;
				CLANG_WARN_BOOL_CONVERSION = YES;
				CLANG_WARN_CONSTANT_CONVERSION = YES;
				CLANG_WARN_DIRECT_OBJC_ISA_USAGE = YES_ERROR;
				CLANG_WARN_DOCUMENTATION_COMMENTS = YES;
				CLANG_WARN_EMPTY_BODY = YES;
				CLANG_WARN_ENUM_CONVERSION = YES;
				CLANG_WARN_INFINITE_RECURSION = YES;
				CLANG_WARN_INT_CONVERSION = YES;
				CLANG_WARN_OBJC_ROOT_CLASS = YES_ERROR;
				CLANG_WARN_SUSPICIOUS_MOVE = YES;
				CLANG_WARN_UNREACHABLE_CODE = YES;
				CLANG_WARN__DUPLICATE_METHOD_MATCH = YES;
				"CODE_SIGN_IDENTITY[sdk=iphoneos*]" = "iPhone Developer";
				COPY_PHASE_STRIP = NO;
				DEBUG_INFORMATION_FORMAT = dwarf;
				ENABLE_STRICT_OBJC_MSGSEND = YES;
				ENABLE_TESTABILITY = YES;
				GCC_C_LANGUAGE_STANDARD = gnu99;
				GCC_DYNAMIC_NO_PIC = NO;
				GCC_NO_COMMON_BLOCKS = YES;
				GCC_OPTIMIZATION_LEVEL = 0;
				GCC_PREPROCESSOR_DEFINITIONS = (
					"DEBUG=1",
					"$(inherited)",
				);
				GCC_WARN_64_TO_32_BIT_CONVERSION = YES;
				GCC_WARN_ABOUT_RETURN_TYPE = YES_ERROR;
				GCC_WARN_UNDECLARED_SELECTOR = YES;
				GCC_WARN_UNINITIALIZED_AUTOS = YES_AGGRESSIVE;
				GCC_WARN_UNUSED_FUNCTION = YES;
				GCC_WARN_UNUSED_VARIABLE = YES;
				IPHONEOS_DEPLOYMENT_TARGET = 10.2;
				MTL_ENABLE_DEBUG_INFO = YES;
				ONLY_ACTIVE_ARCH = YES;
				SDKROOT = iphoneos;
				SWIFT_ACTIVE_COMPILATION_CONDITIONS = DEBUG;
				SWIFT_OPTIMIZATION_LEVEL = "-Onone";
			};
			name = Debug;
		};
		7439C5A71E04F8260029E81E /* Release */ = {
			isa = XCBuildConfiguration;
			buildSettings = {
				ALWAYS_SEARCH_USER_PATHS = NO;
				CLANG_ANALYZER_NONNULL = YES;
				CLANG_CXX_LANGUAGE_STANDARD = "gnu++0x";
				CLANG_CXX_LIBRARY = "libc++";
				CLANG_ENABLE_MODULES = YES;
				CLANG_ENABLE_OBJC_ARC = YES;
				CLANG_WARN_BOOL_CONVERSION = YES;
				CLANG_WARN_CONSTANT_CONVERSION = YES;
				CLANG_WARN_DIRECT_OBJC_ISA_USAGE = YES_ERROR;
				CLANG_WARN_DOCUMENTATION_COMMENTS = YES;
				CLANG_WARN_EMPTY_BODY = YES;
				CLANG_WARN_ENUM_CONVERSION = YES;
				CLANG_WARN_INFINITE_RECURSION = YES;
				CLANG_WARN_INT_CONVERSION = YES;
				CLANG_WARN_OBJC_ROOT_CLASS = YES_ERROR;
				CLANG_WARN_SUSPICIOUS_MOVE = YES;
				CLANG_WARN_UNREACHABLE_CODE = YES;
				CLANG_WARN__DUPLICATE_METHOD_MATCH = YES;
				"CODE_SIGN_IDENTITY[sdk=iphoneos*]" = "iPhone Developer";
				COPY_PHASE_STRIP = NO;
				DEBUG_INFORMATION_FORMAT = "dwarf-with-dsym";
				ENABLE_NS_ASSERTIONS = NO;
				ENABLE_STRICT_OBJC_MSGSEND = YES;
				GCC_C_LANGUAGE_STANDARD = gnu99;
				GCC_NO_COMMON_BLOCKS = YES;
				GCC_WARN_64_TO_32_BIT_CONVERSION = YES;
				GCC_WARN_ABOUT_RETURN_TYPE = YES_ERROR;
				GCC_WARN_UNDECLARED_SELECTOR = YES;
				GCC_WARN_UNINITIALIZED_AUTOS = YES_AGGRESSIVE;
				GCC_WARN_UNUSED_FUNCTION = YES;
				GCC_WARN_UNUSED_VARIABLE = YES;
				IPHONEOS_DEPLOYMENT_TARGET = 10.2;
				MTL_ENABLE_DEBUG_INFO = NO;
				SDKROOT = iphoneos;
				SWIFT_OPTIMIZATION_LEVEL = "-Owholemodule";
				VALIDATE_PRODUCT = YES;
			};
			name = Release;
		};
		7439C5A91E04F8260029E81E /* Debug */ = {
			isa = XCBuildConfiguration;
			baseConfigurationReference = 118D03C0F475D7EBF30BCCDB /* Pods-flitter.debug.xcconfig */;
			buildSettings = {
				ASSETCATALOG_COMPILER_APPICON_NAME = AppIcon;
				INFOPLIST_FILE = flitter/Info.plist;
				LD_RUNPATH_SEARCH_PATHS = "$(inherited) @executable_path/Frameworks";
				PRODUCT_BUNDLE_IDENTIFIER = com.jody.flitter;
				PRODUCT_NAME = "$(TARGET_NAME)";
				SWIFT_VERSION = 3.0;
			};
			name = Debug;
		};
		7439C5AA1E04F8260029E81E /* Release */ = {
			isa = XCBuildConfiguration;
			baseConfigurationReference = B333ED1733C69934AB6C8FFE /* Pods-flitter.release.xcconfig */;
			buildSettings = {
				ASSETCATALOG_COMPILER_APPICON_NAME = AppIcon;
				INFOPLIST_FILE = flitter/Info.plist;
				LD_RUNPATH_SEARCH_PATHS = "$(inherited) @executable_path/Frameworks";
				PRODUCT_BUNDLE_IDENTIFIER = com.jody.flitter;
				PRODUCT_NAME = "$(TARGET_NAME)";
				SWIFT_VERSION = 3.0;
			};
			name = Release;
		};
		7439C5AC1E04F8260029E81E /* Debug */ = {
			isa = XCBuildConfiguration;
			baseConfigurationReference = 172A3446B906878E0D2583C1 /* Pods-flitterTests.debug.xcconfig */;
			buildSettings = {
				ALWAYS_EMBED_SWIFT_STANDARD_LIBRARIES = YES;
				BUNDLE_LOADER = "$(TEST_HOST)";
				INFOPLIST_FILE = flitterTests/Info.plist;
				LD_RUNPATH_SEARCH_PATHS = "$(inherited) @executable_path/Frameworks @loader_path/Frameworks";
				PRODUCT_BUNDLE_IDENTIFIER = com.jody.flitterTests;
				PRODUCT_NAME = "$(TARGET_NAME)";
				SWIFT_VERSION = 3.0;
				TEST_HOST = "$(BUILT_PRODUCTS_DIR)/flitter.app/flitter";
			};
			name = Debug;
		};
		7439C5AD1E04F8260029E81E /* Release */ = {
			isa = XCBuildConfiguration;
			baseConfigurationReference = D83F3A53C38809CA8AF50425 /* Pods-flitterTests.release.xcconfig */;
			buildSettings = {
				ALWAYS_EMBED_SWIFT_STANDARD_LIBRARIES = YES;
				BUNDLE_LOADER = "$(TEST_HOST)";
				INFOPLIST_FILE = flitterTests/Info.plist;
				LD_RUNPATH_SEARCH_PATHS = "$(inherited) @executable_path/Frameworks @loader_path/Frameworks";
				PRODUCT_BUNDLE_IDENTIFIER = com.jody.flitterTests;
				PRODUCT_NAME = "$(TARGET_NAME)";
				SWIFT_VERSION = 3.0;
				TEST_HOST = "$(BUILT_PRODUCTS_DIR)/flitter.app/flitter";
			};
			name = Release;
		};
/* End XCBuildConfiguration section */

/* Begin XCConfigurationList section */
		7439C5861E04F8260029E81E /* Build configuration list for PBXProject "flitter" */ = {
			isa = XCConfigurationList;
			buildConfigurations = (
				7439C5A61E04F8260029E81E /* Debug */,
				7439C5A71E04F8260029E81E /* Release */,
			);
			defaultConfigurationIsVisible = 0;
			defaultConfigurationName = Release;
		};
		7439C5A81E04F8260029E81E /* Build configuration list for PBXNativeTarget "flitter" */ = {
			isa = XCConfigurationList;
			buildConfigurations = (
				7439C5A91E04F8260029E81E /* Debug */,
				7439C5AA1E04F8260029E81E /* Release */,
			);
			defaultConfigurationIsVisible = 0;
			defaultConfigurationName = Release;
		};
		7439C5AB1E04F8260029E81E /* Build configuration list for PBXNativeTarget "flitterTests" */ = {
			isa = XCConfigurationList;
			buildConfigurations = (
				7439C5AC1E04F8260029E81E /* Debug */,
				7439C5AD1E04F8260029E81E /* Release */,
			);
			defaultConfigurationIsVisible = 0;
			defaultConfigurationName = Release;
		};
/* End XCConfigurationList section */
	};
	rootObject = 7439C5831E04F8260029E81E /* Project object */;
}
